
Microsoft Visual Studio Solution File, Format Version 12.00
# Visual Studio Version 16
VisualStudioVersion = 16.0.31112.23
MinimumVisualStudioVersion = 10.0.40219.1
Project("{FAE04EC0-301F-11D3-BF4B-00C04F79EFBC}") = "StreamCompressor.Tests", "StreamCompressor.Tests\StreamCompressor.Tests.csproj", "{15407207-B376-4424-A7AE-72B883456186}"
EndProject
Project("{FAE04EC0-301F-11D3-BF4B-00C04F79EFBC}") = "StreamCompressor", "StreamCompressor\StreamCompressor.csproj", "{20FF2BB8-0042-43D0-9CC7-F9D65217F806}"
EndProject
Global
	GlobalSection(SolutionConfigurationPlatforms) = preSolution
		Debug|Any CPU = Debug|Any CPU
		Release|Any CPU = Release|Any CPU
	EndGlobalSection
	GlobalSection(ProjectConfigurationPlatforms) = postSolution
		{15407207-B376-4424-A7AE-72B883456186}.Debug|Any CPU.ActiveCfg = Debug|Any CPU
		{15407207-B376-4424-A7AE-72B883456186}.Debug|Any CPU.Build.0 = Debug|Any CPU
		{15407207-B376-4424-A7AE-72B883456186}.Release|Any CPU.ActiveCfg = Release|Any CPU
		{15407207-B376-4424-A7AE-72B883456186}.Release|Any CPU.Build.0 = Release|Any CPU
		{20FF2BB8-0042-43D0-9CC7-F9D65217F806}.Debug|Any CPU.ActiveCfg = Debug|Any CPU
		{20FF2BB8-0042-43D0-9CC7-F9D65217F806}.Debug|Any CPU.Build.0 = Debug|Any CPU
		{20FF2BB8-0042-43D0-9CC7-F9D65217F806}.Release|Any CPU.ActiveCfg = Release|Any CPU
		{20FF2BB8-0042-43D0-9CC7-F9D65217F806}.Release|Any CPU.Build.0 = Release|Any CPU
	EndGlobalSection
	GlobalSection(SolutionProperties) = preSolution
		HideSolutionNode = FALSE
	EndGlobalSection
	GlobalSection(ExtensibilityGlobals) = postSolution
		SolutionGuid = {907416A3-EE37-479D-A10C-4AAE65215062}
	EndGlobalSection
EndGlobal
